
Microsoft Visual Studio Solution File, Format Version 12.00
# Visual Studio Version 16
VisualStudioVersion = 16.0.29519.87
MinimumVisualStudioVersion = 10.0.40219.1
Project("{FAE04EC0-301F-11D3-BF4B-00C04F79EFBC}") = "ReactDemo", "ReactDemo\ReactDemo.csproj", "{D648FDB8-F1FC-424A-9B0E-18265D77839B}"
EndProject
Global
	GlobalSection(SolutionConfigurationPlatforms) = preSolution
		Debug|Any CPU = Debug|Any CPU
		Release|Any CPU = Release|Any CPU
	EndGlobalSection
	GlobalSection(ProjectConfigurationPlatforms) = postSolution
		{D648FDB8-F1FC-424A-9B0E-18265D77839B}.Debug|Any CPU.ActiveCfg = Debug|Any CPU
		{D648FDB8-F1FC-424A-9B0E-18265D77839B}.Debug|Any CPU.Build.0 = Debug|Any CPU
		{D648FDB8-F1FC-424A-9B0E-18265D77839B}.Release|Any CPU.ActiveCfg = Release|Any CPU
		{D648FDB8-F1FC-424A-9B0E-18265D77839B}.Release|Any CPU.Build.0 = Release|Any CPU
	EndGlobalSection
	GlobalSection(SolutionProperties) = preSolution
		HideSolutionNode = FALSE
	EndGlobalSection
	GlobalSection(ExtensibilityGlobals) = postSolution
		SolutionGuid = {3C6F7075-502A-452B-9BC1-C74302D6B473}
	EndGlobalSection
EndGlobal
